
Microsoft Visual Studio Solution File, Format Version 12.00
# Visual Studio 2013
VisualStudioVersion = 12.0.31101.0
MinimumVisualStudioVersion = 10.0.40219.1
Project("{FAE04EC0-301F-11D3-BF4B-00C04F79EFBC}") = "Prova_F", "Prova_F\Prova_F.csproj", "{693BD283-F733-48F3-A052-762ACD58E98D}"
EndProject
Project("{FAE04EC0-301F-11D3-BF4B-00C04F79EFBC}") = "DAL", "DAL\DAL.csproj", "{86C8004D-DE1F-4671-B274-BF70F79702CC}"
EndProject
Project("{FAE04EC0-301F-11D3-BF4B-00C04F79EFBC}") = "BLL", "BLL\BLL.csproj", "{0790A241-F483-4E25-8725-EBDD7EDF71D7}"
EndProject
Project("{FAE04EC0-301F-11D3-BF4B-00C04F79EFBC}") = "DTO", "DTO\DTO.csproj", "{C03FAFDD-46FB-43E4-B9CB-3318A2B9B495}"
EndProject
Global
	GlobalSection(SolutionConfigurationPlatforms) = preSolution
		Debug|Any CPU = Debug|Any CPU
		Release|Any CPU = Release|Any CPU
	EndGlobalSection
	GlobalSection(ProjectConfigurationPlatforms) = postSolution
		{693BD283-F733-48F3-A052-762ACD58E98D}.Debug|Any CPU.ActiveCfg = Debug|Any CPU
		{693BD283-F733-48F3-A052-762ACD58E98D}.Debug|Any CPU.Build.0 = Debug|Any CPU
		{693BD283-F733-48F3-A052-762ACD58E98D}.Release|Any CPU.ActiveCfg = Release|Any CPU
		{693BD283-F733-48F3-A052-762ACD58E98D}.Release|Any CPU.Build.0 = Release|Any CPU
		{86C8004D-DE1F-4671-B274-BF70F79702CC}.Debug|Any CPU.ActiveCfg = Debug|Any CPU
		{86C8004D-DE1F-4671-B274-BF70F79702CC}.Debug|Any CPU.Build.0 = Debug|Any CPU
		{86C8004D-DE1F-4671-B274-BF70F79702CC}.Release|Any CPU.ActiveCfg = Release|Any CPU
		{86C8004D-DE1F-4671-B274-BF70F79702CC}.Release|Any CPU.Build.0 = Release|Any CPU
		{0790A241-F483-4E25-8725-EBDD7EDF71D7}.Debug|Any CPU.ActiveCfg = Debug|Any CPU
		{0790A241-F483-4E25-8725-EBDD7EDF71D7}.Debug|Any CPU.Build.0 = Debug|Any CPU
		{0790A241-F483-4E25-8725-EBDD7EDF71D7}.Release|Any CPU.ActiveCfg = Release|Any CPU
		{0790A241-F483-4E25-8725-EBDD7EDF71D7}.Release|Any CPU.Build.0 = Release|Any CPU
		{C03FAFDD-46FB-43E4-B9CB-3318A2B9B495}.Debug|Any CPU.ActiveCfg = Debug|Any CPU
		{C03FAFDD-46FB-43E4-B9CB-3318A2B9B495}.Debug|Any CPU.Build.0 = Debug|Any CPU
		{C03FAFDD-46FB-43E4-B9CB-3318A2B9B495}.Release|Any CPU.ActiveCfg = Release|Any CPU
		{C03FAFDD-46FB-43E4-B9CB-3318A2B9B495}.Release|Any CPU.Build.0 = Release|Any CPU
	EndGlobalSection
	GlobalSection(SolutionProperties) = preSolution
		HideSolutionNode = FALSE
	EndGlobalSection
EndGlobal
